{
  "name": "docstring",
  "version": "1.0.2",
  "dependencies": {
    "grunt": {
      "version": "0.4.2",
      "from": "grunt@0.4.2",
      "resolved": "https://registry.npmjs.org/grunt/-/grunt-0.4.2.tgz",
      "dependencies": {
        "async": {
          "version": "0.1.22",
          "from": "async@0.1.22",
          "resolved": "https://registry.npmjs.org/async/-/async-0.1.22.tgz"
        },
        "coffee-script": {
          "version": "1.3.3",
          "from": "coffee-script@1.3.3",
          "resolved": "https://registry.npmjs.org/coffee-script/-/coffee-script-1.3.3.tgz"
        },
        "colors": {
          "version": "0.6.2",
          "from": "colors@0.6.2",
          "resolved": "https://registry.npmjs.org/colors/-/colors-0.6.2.tgz"
        },
        "dateformat": {
          "version": "1.0.2-1.2.3",
          "from": "dateformat@1.0.2-1.2.3",
          "resolved": "https://registry.npmjs.org/dateformat/-/dateformat-1.0.2-1.2.3.tgz"
        },
        "eventemitter2": {
          "version": "0.4.13",
          "from": "eventemitter2@0.4.13",
          "resolved": "https://registry.npmjs.org/eventemitter2/-/eventemitter2-0.4.13.tgz"
        },
        "findup-sync": {
          "version": "0.1.3",
          "from": "findup-sync@0.1.3",
          "resolved": "https://registry.npmjs.org/findup-sync/-/findup-sync-0.1.3.tgz",
          "dependencies": {
            "glob": {
              "version": "3.2.9",
              "from": "glob@~3.2.9",
              "resolved": "https://registry.npmjs.org/glob/-/glob-3.2.9.tgz",
              "dependencies": {
                "inherits": {
                  "version": "2.0.1",
                  "from": "inherits@2",
                  "resolved": "https://registry.npmjs.org/inherits/-/inherits-2.0.1.tgz"
                }
              }
            },
            "lodash": {
              "version": "2.4.1",
              "from": "lodash@~2.4.1",
              "resolved": "https://registry.npmjs.org/lodash/-/lodash-2.4.1.tgz"
            }
          }
        },
        "glob": {
          "version": "3.1.21",
          "from": "glob@3.1.21",
          "resolved": "https://registry.npmjs.org/glob/-/glob-3.1.21.tgz",
          "dependencies": {
            "graceful-fs": {
              "version": "1.2.3",
              "from": "graceful-fs@~1.2.0",
              "resolved": "https://registry.npmjs.org/graceful-fs/-/graceful-fs-1.2.3.tgz"
            },
            "inherits": {
              "version": "1.0.0",
              "from": "inherits@1",
              "resolved": "https://registry.npmjs.org/inherits/-/inherits-1.0.0.tgz"
            }
          }
        },
        "hooker": {
          "version": "0.2.3",
          "from": "hooker@0.2.3",
          "resolved": "https://registry.npmjs.org/hooker/-/hooker-0.2.3.tgz"
        },
        "iconv-lite": {
          "version": "0.2.11",
          "from": "iconv-lite@0.2.11",
          "resolved": "https://registry.npmjs.org/iconv-lite/-/iconv-lite-0.2.11.tgz"
        },
        "minimatch": {
          "version": "0.2.14",
          "from": "minimatch@0.2.14",
          "resolved": "https://registry.npmjs.org/minimatch/-/minimatch-0.2.14.tgz",
          "dependencies": {
            "lru-cache": {
              "version": "2.5.0",
              "from": "lru-cache@2",
              "resolved": "https://registry.npmjs.org/lru-cache/-/lru-cache-2.5.0.tgz"
            },
            "sigmund": {
              "version": "1.0.0",
              "from": "sigmund@~1.0.0",
              "resolved": "https://registry.npmjs.org/sigmund/-/sigmund-1.0.0.tgz"
            }
          }
        },
        "nopt": {
          "version": "1.0.10",
          "from": "nopt@1.0.10",
          "resolved": "https://registry.npmjs.org/nopt/-/nopt-1.0.10.tgz",
          "dependencies": {
            "abbrev": {
              "version": "1.0.5",
              "from": "abbrev@1",
              "resolved": "https://registry.npmjs.org/abbrev/-/abbrev-1.0.5.tgz"
            }
          }
        },
        "rimraf": {
          "version": "2.0.3",
          "from": "rimraf@2.0.3",
          "resolved": "https://registry.npmjs.org/rimraf/-/rimraf-2.0.3.tgz",
          "dependencies": {
            "graceful-fs": {
              "version": "1.1.14",
              "from": "graceful-fs@~1.1",
              "resolved": "https://registry.npmjs.org/graceful-fs/-/graceful-fs-1.1.14.tgz"
            }
          }
        },
        "lodash": {
          "version": "0.9.2",
          "from": "lodash@0.9.2",
          "resolved": "https://registry.npmjs.org/lodash/-/lodash-0.9.2.tgz"
        },
        "underscore.string": {
          "version": "2.2.1",
          "from": "underscore.string@2.2.1",
          "resolved": "https://registry.npmjs.org/underscore.string/-/underscore.string-2.2.1.tgz"
        },
        "which": {
          "version": "1.0.5",
          "from": "which@1.0.5",
          "resolved": "https://registry.npmjs.org/which/-/which-1.0.5.tgz"
        },
        "js-yaml": {
          "version": "2.0.5",
          "from": "js-yaml@2.0.5",
          "resolved": "https://registry.npmjs.org/js-yaml/-/js-yaml-2.0.5.tgz",
          "dependencies": {
            "argparse": {
              "version": "0.1.15",
              "from": "argparse@~ 0.1.11",
              "resolved": "https://registry.npmjs.org/argparse/-/argparse-0.1.15.tgz",
              "dependencies": {
                "underscore": {
                  "version": "1.4.4",
                  "from": "underscore@~1.4.3",
                  "resolved": "https://registry.npmjs.org/underscore/-/underscore-1.4.4.tgz"
                },
                "underscore.string": {
                  "version": "2.3.3",
                  "from": "underscore.string@~2.3.1",
                  "resolved": "https://registry.npmjs.org/underscore.string/-/underscore.string-2.3.3.tgz"
                }
              }
            },
            "esprima": {
              "version": "1.0.4",
              "from": "esprima@~ 1.0.2",
              "resolved": "https://registry.npmjs.org/esprima/-/esprima-1.0.4.tgz"
            }
          }
        },
        "exit": {
          "version": "0.1.2",
          "from": "https://registry.npmjs.org/exit/-/exit-0.1.2.tgz",
          "resolved": "https://registry.npmjs.org/exit/-/exit-0.1.2.tgz"
        },
        "getobject": {
          "version": "0.1.0",
          "from": "getobject@0.1.0",
          "resolved": "https://registry.npmjs.org/getobject/-/getobject-0.1.0.tgz"
        }
      }
    },
    "grunt-cli": {
      "version": "0.1.13",
      "from": "https://registry.npmjs.org/grunt-cli/-/grunt-cli-0.1.13.tgz",
      "resolved": "https://registry.npmjs.org/grunt-cli/-/grunt-cli-0.1.13.tgz",
      "dependencies": {
        "nopt": {
          "version": "1.0.10",
          "from": "nopt@1.0.10",
          "resolved": "https://registry.npmjs.org/nopt/-/nopt-1.0.10.tgz",
          "dependencies": {
            "abbrev": {
              "version": "1.0.5",
              "from": "abbrev@1",
              "resolved": "https://registry.npmjs.org/abbrev/-/abbrev-1.0.5.tgz"
            }
          }
        },
        "findup-sync": {
          "version": "0.1.3",
          "from": "https://registry.npmjs.org/findup-sync/-/findup-sync-0.1.3.tgz",
          "resolved": "https://registry.npmjs.org/findup-sync/-/findup-sync-0.1.3.tgz",
          "dependencies": {
            "glob": {
              "version": "3.2.9",
              "from": "https://registry.npmjs.org/glob/-/glob-3.2.9.tgz",
              "resolved": "https://registry.npmjs.org/glob/-/glob-3.2.9.tgz",
              "dependencies": {
                "minimatch": {
                  "version": "0.2.14",
                  "from": "minimatch@0.2.14",
                  "resolved": "https://registry.npmjs.org/minimatch/-/minimatch-0.2.14.tgz",
                  "dependencies": {
                    "lru-cache": {
                      "version": "2.5.0",
                      "from": "https://registry.npmjs.org/lru-cache/-/lru-cache-2.5.0.tgz",
                      "resolved": "https://registry.npmjs.org/lru-cache/-/lru-cache-2.5.0.tgz"
                    },
                    "sigmund": {
                      "version": "1.0.0",
                      "from": "https://registry.npmjs.org/sigmund/-/sigmund-1.0.0.tgz",
                      "resolved": "https://registry.npmjs.org/sigmund/-/sigmund-1.0.0.tgz"
                    }
                  }
                },
                "inherits": {
                  "version": "2.0.1",
                  "from": "https://registry.npmjs.org/inherits/-/inherits-2.0.1.tgz",
                  "resolved": "https://registry.npmjs.org/inherits/-/inherits-2.0.1.tgz"
                }
              }
            },
            "lodash": {
              "version": "2.4.1",
              "from": "lodash@2.4.1",
              "resolved": "https://registry.npmjs.org/lodash/-/lodash-2.4.1.tgz"
            }
          }
        },
        "resolve": {
          "version": "0.3.1",
          "from": "resolve@0.3.1",
          "resolved": "https://registry.npmjs.org/resolve/-/resolve-0.3.1.tgz"
        }
      }
    },
    "grunt-contrib-jshint": {
      "version": "0.7.2",
      "from": "https://registry.npmjs.org/grunt-contrib-jshint/-/grunt-contrib-jshint-0.7.2.tgz",
      "resolved": "https://registry.npmjs.org/grunt-contrib-jshint/-/grunt-contrib-jshint-0.7.2.tgz",
      "dependencies": {
        "jshint": {
          "version": "2.3.0",
          "from": "jshint@2.3.0",
          "resolved": "https://registry.npmjs.org/jshint/-/jshint-2.3.0.tgz",
          "dependencies": {
            "shelljs": {
              "version": "0.1.4",
              "from": "shelljs@0.1.4",
              "resolved": "https://registry.npmjs.org/shelljs/-/shelljs-0.1.4.tgz"
            },
            "underscore": {
              "version": "1.4.4",
              "from": "underscore@1.4.4",
              "resolved": "https://registry.npmjs.org/underscore/-/underscore-1.4.4.tgz"
            },
            "cli": {
              "version": "0.4.5",
              "from": "cli@0.4.5",
              "resolved": "https://registry.npmjs.org/cli/-/cli-0.4.5.tgz",
              "dependencies": {
                "glob": {
                  "version": "3.2.7",
                  "from": "glob@3.2.7",
                  "resolved": "https://registry.npmjs.org/glob/-/glob-3.2.7.tgz",
                  "dependencies": {
                    "inherits": {
                      "version": "2.0.1",
                      "from": "inherits@2.0.1",
                      "resolved": "https://registry.npmjs.org/inherits/-/inherits-2.0.1.tgz"
                    }
                  }
                }
              }
            },
            "minimatch": {
              "version": "0.2.14",
              "from": "minimatch@0.2.14",
              "resolved": "https://registry.npmjs.org/minimatch/-/minimatch-0.2.14.tgz",
              "dependencies": {
                "lru-cache": {
                  "version": "2.5.0",
                  "from": "lru-cache@2.5.0",
                  "resolved": "https://registry.npmjs.org/lru-cache/-/lru-cache-2.5.0.tgz"
                },
                "sigmund": {
                  "version": "1.0.0",
                  "from": "sigmund@1.0.0",
                  "resolved": "https://registry.npmjs.org/sigmund/-/sigmund-1.0.0.tgz"
                }
              }
            },
            "console-browserify": {
              "version": "0.1.6",
              "from": "console-browserify@0.1.6",
              "resolved": "https://registry.npmjs.org/console-browserify/-/console-browserify-0.1.6.tgz"
            }
          }
        }
      }
    },
    "grunt-dev-update": {
      "version": "0.3.2",
      "from": "grunt-dev-update@0.3.2",
      "resolved": "https://registry.npmjs.org/grunt-dev-update/-/grunt-dev-update-0.3.2.tgz",
      "dependencies": {
        "matchdep": {
          "version": "0.3.0",
          "from": "matchdep@~0.3.0",
          "resolved": "https://registry.npmjs.org/matchdep/-/matchdep-0.3.0.tgz",
          "dependencies": {
            "findup-sync": {
              "version": "0.1.3",
              "from": "findup-sync@~0.1.2",
              "resolved": "https://registry.npmjs.org/findup-sync/-/findup-sync-0.1.3.tgz",
              "dependencies": {
                "glob": {
                  "version": "3.2.9",
                  "from": "glob@~3.2.9",
                  "resolved": "https://registry.npmjs.org/glob/-/glob-3.2.9.tgz",
                  "dependencies": {
                    "minimatch": {
                      "version": "0.2.14",
                      "from": "minimatch@~0.2.11",
                      "resolved": "https://registry.npmjs.org/minimatch/-/minimatch-0.2.14.tgz",
                      "dependencies": {
                        "lru-cache": {
                          "version": "2.5.0",
                          "from": "lru-cache@2",
                          "resolved": "https://registry.npmjs.org/lru-cache/-/lru-cache-2.5.0.tgz"
                        },
                        "sigmund": {
                          "version": "1.0.0",
                          "from": "sigmund@~1.0.0",
                          "resolved": "https://registry.npmjs.org/sigmund/-/sigmund-1.0.0.tgz"
                        }
                      }
                    },
                    "inherits": {
                      "version": "2.0.1",
                      "from": "inherits@2",
                      "resolved": "https://registry.npmjs.org/inherits/-/inherits-2.0.1.tgz"
                    }
                  }
                }
              }
            },
            "resolve": {
              "version": "0.5.1",
              "from": "resolve@~0.5.1",
              "resolved": "https://registry.npmjs.org/resolve/-/resolve-0.5.1.tgz"
            },
            "stack-trace": {
              "version": "0.0.7",
              "from": "stack-trace@0.0.7",
              "resolved": "https://registry.npmjs.org/stack-trace/-/stack-trace-0.0.7.tgz"
            },
            "globule": {
              "version": "0.1.0",
              "from": "globule@~0.1.0",
              "resolved": "https://registry.npmjs.org/globule/-/globule-0.1.0.tgz",
              "dependencies": {
                "lodash": {
                  "version": "1.0.1",
                  "from": "lodash@~1.0.1",
                  "resolved": "https://registry.npmjs.org/lodash/-/lodash-1.0.1.tgz"
                },
                "glob": {
                  "version": "3.1.21",
                  "from": "glob@~3.1.21",
                  "resolved": "https://registry.npmjs.org/glob/-/glob-3.1.21.tgz",
                  "dependencies": {
                    "graceful-fs": {
                      "version": "1.2.3",
                      "from": "graceful-fs@~1.2.0",
                      "resolved": "https://registry.npmjs.org/graceful-fs/-/graceful-fs-1.2.3.tgz"
                    },
                    "inherits": {
                      "version": "1.0.0",
                      "from": "inherits@1",
                      "resolved": "https://registry.npmjs.org/inherits/-/inherits-1.0.0.tgz"
                    }
                  }
                },
                "minimatch": {
                  "version": "0.2.14",
                  "from": "minimatch@~0.2.11",
                  "resolved": "https://registry.npmjs.org/minimatch/-/minimatch-0.2.14.tgz",
                  "dependencies": {
                    "lru-cache": {
                      "version": "2.5.0",
                      "from": "lru-cache@2",
                      "resolved": "https://registry.npmjs.org/lru-cache/-/lru-cache-2.5.0.tgz"
                    },
                    "sigmund": {
                      "version": "1.0.0",
                      "from": "sigmund@~1.0.0",
                      "resolved": "https://registry.npmjs.org/sigmund/-/sigmund-1.0.0.tgz"
                    }
                  }
                }
              }
            }
          }
        },
        "async": {
          "version": "0.2.10",
          "from": "async@~0.2.9",
          "resolved": "https://registry.npmjs.org/async/-/async-0.2.10.tgz"
        },
        "lodash": {
          "version": "2.4.1",
          "from": "lodash@~2.4.1",
          "resolved": "https://registry.npmjs.org/lodash/-/lodash-2.4.1.tgz"
        },
        "inquirer": {
          "version": "0.3.5",
          "from": "inquirer@~0.3.5",
          "resolved": "https://registry.npmjs.org/inquirer/-/inquirer-0.3.5.tgz",
          "dependencies": {
            "lodash": {
              "version": "1.2.1",
              "from": "lodash@~1.2.1",
              "resolved": "https://registry.npmjs.org/lodash/-/lodash-1.2.1.tgz"
            },
            "cli-color": {
              "version": "0.2.3",
              "from": "cli-color@~0.2.2",
              "resolved": "https://registry.npmjs.org/cli-color/-/cli-color-0.2.3.tgz",
              "dependencies": {
                "es5-ext": {
                  "version": "0.9.2",
                  "from": "es5-ext@~0.9.2",
                  "resolved": "https://registry.npmjs.org/es5-ext/-/es5-ext-0.9.2.tgz"
                },
                "memoizee": {
                  "version": "0.2.6",
                  "from": "memoizee@~0.2.5",
                  "resolved": "https://registry.npmjs.org/memoizee/-/memoizee-0.2.6.tgz",
                  "dependencies": {
                    "event-emitter": {
                      "version": "0.2.2",
                      "from": "event-emitter@~0.2.2",
                      "resolved": "https://registry.npmjs.org/event-emitter/-/event-emitter-0.2.2.tgz"
                    },
                    "next-tick": {
                      "version": "0.1.0",
                      "from": "next-tick@0.1.x",
                      "resolved": "https://registry.npmjs.org/next-tick/-/next-tick-0.1.0.tgz"
                    }
                  }
                }
              }
            },
            "mute-stream": {
              "version": "0.0.3",
              "from": "mute-stream@0.0.3",
              "resolved": "https://registry.npmjs.org/mute-stream/-/mute-stream-0.0.3.tgz"
            }
          }
        },
        "progress": {
          "version": "1.1.5",
          "from": "progress@~1.1.2",
          "resolved": "https://registry.npmjs.org/progress/-/progress-1.1.5.tgz"
        }
      }
    },
    "grunt-exec": {
      "version": "0.4.2",
      "from": "https://registry.npmjs.org/grunt-exec/-/grunt-exec-0.4.2.tgz",
      "resolved": "https://registry.npmjs.org/grunt-exec/-/grunt-exec-0.4.2.tgz"
    },
    "grunt-npm-install": {
      "version": "0.1.0",
      "from": "grunt-npm-install@0.1.0",
      "resolved": "https://registry.npmjs.org/grunt-npm-install/-/grunt-npm-install-0.1.0.tgz",
      "dependencies": {
        "npm": {
          "version": "1.3.26",
          "from": "npm@~1.3.9",
          "resolved": "https://registry.npmjs.org/npm/-/npm-1.3.26.tgz",
          "dependencies": {
            "semver": {
              "version": "2.2.1",
              "from": "semver@latest"
            },
            "ini": {
              "version": "1.1.0",
              "from": "ini@latest"
            },
            "slide": {
              "version": "1.1.5",
              "from": "slide@latest"
            },
            "abbrev": {
              "version": "1.0.4",
              "from": "abbrev@latest"
            },
            "graceful-fs": {
              "version": "2.0.1",
              "from": "graceful-fs@~2.0.0"
            },
            "minimatch": {
              "version": "0.2.14",
              "from": "minimatch@latest",
              "dependencies": {
                "sigmund": {
                  "version": "1.0.0",
                  "from": "sigmund@~1.0.0"
                }
              }
            },
            "nopt": {
              "version": "2.1.2",
              "from": "nopt@latest"
            },
            "rimraf": {
              "version": "2.2.6",
              "from": "rimraf@~2.2.5"
            },
            "request": {
              "version": "2.30.0",
              "from": "request@latest",
              "dependencies": {
                "qs": {
                  "version": "0.6.6",
                  "from": "qs@~0.6.0"
                },
                "json-stringify-safe": {
                  "version": "5.0.0",
                  "from": "json-stringify-safe@~5.0.0"
                },
                "forever-agent": {
                  "version": "0.5.0",
                  "from": "forever-agent@~0.5.0"
                },
                "node-uuid": {
                  "version": "1.4.1",
                  "from": "node-uuid@~1.4.0"
                },
                "mime": {
                  "version": "1.2.11",
                  "from": "mime@~1.2.9"
                },
                "tough-cookie": {
                  "version": "0.9.15",
                  "from": "tough-cookie@~0.9.15",
                  "dependencies": {
                    "punycode": {
                      "version": "1.2.3",
                      "from": "punycode@>=0.2.0"
                    }
                  }
                },
                "form-data": {
                  "version": "0.1.2",
                  "from": "form-data@~0.1.0",
                  "dependencies": {
                    "combined-stream": {
                      "version": "0.0.4",
                      "from": "combined-stream@~0.0.4",
                      "dependencies": {
                        "delayed-stream": {
                          "version": "0.0.5",
                          "from": "delayed-stream@0.0.5"
                        }
                      }
                    },
                    "async": {
                      "version": "0.2.9",
                      "from": "async@~0.2.9"
                    }
                  }
                },
                "tunnel-agent": {
                  "version": "0.3.0",
                  "from": "tunnel-agent@~0.3.0"
                },
                "http-signature": {
                  "version": "0.10.0",
                  "from": "http-signature@~0.10.0",
                  "dependencies": {
                    "assert-plus": {
                      "version": "0.1.2",
                      "from": "assert-plus@0.1.2"
                    },
                    "asn1": {
                      "version": "0.1.11",
                      "from": "asn1@0.1.11"
                    },
                    "ctype": {
                      "version": "0.5.2",
                      "from": "ctype@0.5.2"
                    }
                  }
                },
                "oauth-sign": {
                  "version": "0.3.0",
                  "from": "oauth-sign@~0.3.0"
                },
                "hawk": {
                  "version": "1.0.0",
                  "from": "hawk@~1.0.0",
                  "dependencies": {
                    "hoek": {
                      "version": "0.9.1",
                      "from": "hoek@0.9.x"
                    },
                    "boom": {
                      "version": "0.4.2",
                      "from": "boom@0.4.x"
                    },
                    "cryptiles": {
                      "version": "0.2.2",
                      "from": "cryptiles@0.2.x"
                    },
                    "sntp": {
                      "version": "0.2.4",
                      "from": "sntp@0.2.x"
                    }
                  }
                },
                "aws-sign2": {
                  "version": "0.5.0",
                  "from": "aws-sign2@~0.5.0"
                }
              }
            },
            "which": {
              "version": "1.0.5",
              "from": "which@1"
            },
            "tar": {
              "version": "0.1.19",
              "from": "tar@0.1.19",
              "resolved": "https://registry.npmjs.org/tar/-/tar-0.1.19.tgz"
            },
            "fstream": {
              "version": "0.1.25",
              "from": "fstream@0.1.25",
              "resolved": "https://registry.npmjs.org/fstream/-/fstream-0.1.25.tgz"
            },
            "block-stream": {
              "version": "0.0.7",
              "from": "block-stream@latest"
            },
            "mkdirp": {
              "version": "0.3.5",
              "from": "mkdirp@latest"
            },
            "read": {
              "version": "1.0.5",
              "from": "read@latest",
              "dependencies": {
                "mute-stream": {
                  "version": "0.0.4",
                  "from": "mute-stream@~0.0.4"
                }
              }
            },
            "lru-cache": {
              "version": "2.5.0",
              "from": "lru-cache@latest"
            },
            "node-gyp": {
              "version": "0.12.2",
              "from": "node-gyp@latest"
            },
            "fstream-npm": {
              "version": "0.1.6",
              "from": "fstream-npm@latest",
              "dependencies": {
                "fstream-ignore": {
                  "version": "0.0.7",
                  "from": "fstream-ignore@~0.0.5",
                  "resolved": "https://registry.npmjs.org/fstream-ignore/-/fstream-ignore-0.0.7.tgz"
                }
              }
            },
            "uid-number": {
              "version": "0.0.3",
              "from": "../uid-number"
            },
            "archy": {
              "version": "0.0.2",
              "from": "archy@0.0.2"
            },
            "chownr": {
              "version": "0.0.1",
              "from": "../chownr"
            },
            "npmlog": {
              "version": "0.0.6",
              "from": "npmlog@latest"
            },
            "ansi": {
              "version": "0.2.1",
              "from": "ansi@latest",
              "resolved": "https://registry.npmjs.org/ansi/-/ansi-0.2.1.tgz"
            },
            "npm-registry-client": {
              "version": "0.3.5",
              "from": "npm-registry-client@0.3.5",
              "resolved": "https://registry.npmjs.org/npm-registry-client/-/npm-registry-client-0.3.5.tgz",
              "dependencies": {
                "couch-login": {
                  "version": "0.1.20",
                  "from": "couch-login@~0.1.18"
                }
              }
            },
            "read-package-json": {
              "version": "1.1.6",
              "from": "read-package-json@1.1.6",
              "resolved": "https://registry.npmjs.org/read-package-json/-/read-package-json-1.1.6.tgz",
              "dependencies": {
                "normalize-package-data": {
                  "version": "0.2.8",
                  "from": "normalize-package-data@~0.2.7"
                }
              }
            },
            "read-installed": {
              "version": "0.2.5"
            },
            "glob": {
              "version": "3.2.7",
              "from": "glob@~3.2.6"
            },
            "init-package-json": {
              "version": "0.0.14",
              "from": "init-package-json@latest",
              "dependencies": {
                "promzard": {
                  "version": "0.2.1",
                  "from": "promzard@~0.2.0"
                }
              }
            },
            "osenv": {
              "version": "0.0.3",
              "from": "osenv@latest"
            },
            "lockfile": {
              "version": "0.4.2",
              "from": "lockfile@0.4.2",
              "resolved": "https://registry.npmjs.org/lockfile/-/lockfile-0.4.2.tgz"
            },
            "retry": {
              "version": "0.6.0",
              "from": "retry"
            },
            "once": {
              "version": "1.3.0",
              "from": "once@latest"
            },
            "npmconf": {
              "version": "0.1.12",
              "from": "npmconf@0.1.12",
              "dependencies": {
                "config-chain": {
                  "version": "1.1.8",
                  "from": "config-chain@~1.1.8",
                  "dependencies": {
                    "proto-list": {
                      "version": "1.2.2",
                      "from": "proto-list@~1.2.1"
                    }
                  }
                }
              }
            },
            "opener": {
              "version": "1.3.0",
              "from": "opener@latest"
            },
            "chmodr": {
              "version": "0.1.0",
              "from": "chmodr@latest"
            },
            "cmd-shim": {
              "version": "1.1.1",
              "from": "cmd-shim@latest",
              "resolved": "https://registry.npmjs.org/cmd-shim/-/cmd-shim-1.1.1.tgz"
            },
            "sha": {
              "version": "1.2.3",
              "from": "sha@~1.2.1",
              "dependencies": {
                "readable-stream": {
                  "version": "1.0.24",
                  "from": "readable-stream@1.0"
                }
              }
            },
            "editor": {
              "version": "0.0.5",
              "from": "editor@latest"
            },
            "child-process-close": {
              "version": "0.1.1",
              "from": "child-process-close@",
              "resolved": "https://registry.npmjs.org/child-process-close/-/child-process-close-0.1.1.tgz"
            },
            "npm-user-validate": {
              "version": "0.0.3",
              "from": "npm-user-validate@0.0.3",
              "resolved": "https://registry.npmjs.org/npm-user-validate/-/npm-user-validate-0.0.3.tgz"
            },
            "github-url-from-git": {
              "version": "1.1.1",
              "from": "github-url-from-git@1.1.1",
              "resolved": "https://registry.npmjs.org/github-url-from-git/-/github-url-from-git-1.1.1.tgz"
            },
            "github-url-from-username-repo": {
              "version": "0.0.2",
              "from": "github-url-from-username-repo@"
            },
            "text-table": {
              "version": "0.2.0",
              "from": "text-table@~0.2.0"
            },
            "ansicolors": {
              "version": "0.3.2",
              "from": "ansicolors@latest"
            },
            "ansistyles": {
              "version": "0.1.3",
              "from": "ansistyles@0.1.3",
              "resolved": "https://registry.npmjs.org/ansistyles/-/ansistyles-0.1.3.tgz"
            },
            "path-is-inside": {
              "version": "1.0.0",
              "from": "path-is-inside@"
            },
            "columnify": {
              "version": "0.1.2",
              "from": "columnify@0.1.2",
              "resolved": "https://registry.npmjs.org/columnify/-/columnify-0.1.2.tgz"
            },
            "inherits": {
              "version": "2.0.1",
              "from": "inherits@"
            }
          }
        }
      }
    },
    "grunt-release": {
      "version": "0.7.0",
      "from": "https://registry.npmjs.org/grunt-release/-/grunt-release-0.7.0.tgz",
      "resolved": "https://registry.npmjs.org/grunt-release/-/grunt-release-0.7.0.tgz",
      "dependencies": {
        "shelljs": {
          "version": "0.1.4",
          "from": "shelljs@0.1.4",
          "resolved": "https://registry.npmjs.org/shelljs/-/shelljs-0.1.4.tgz"
        },
        "semver": {
          "version": "2.0.11",
          "from": "semver@2.0.11",
          "resolved": "https://registry.npmjs.org/semver/-/semver-2.0.11.tgz"
        },
        "superagent": {
          "version": "0.15.7",
          "from": "superagent@0.15.7",
          "resolved": "https://registry.npmjs.org/superagent/-/superagent-0.15.7.tgz",
          "dependencies": {
            "qs": {
              "version": "0.6.5",
              "from": "qs@0.6.5",
              "resolved": "https://registry.npmjs.org/qs/-/qs-0.6.5.tgz"
            },
            "formidable": {
              "version": "1.0.14",
              "from": "formidable@1.0.14",
              "resolved": "https://registry.npmjs.org/formidable/-/formidable-1.0.14.tgz"
            },
            "mime": {
              "version": "1.2.5",
              "from": "mime@1.2.5",
              "resolved": "https://registry.npmjs.org/mime/-/mime-1.2.5.tgz"
            },
            "emitter-component": {
              "version": "1.0.0",
              "from": "emitter-component@1.0.0",
              "resolved": "https://registry.npmjs.org/emitter-component/-/emitter-component-1.0.0.tgz"
            },
            "methods": {
              "version": "0.0.1",
              "from": "methods@0.0.1",
              "resolved": "https://registry.npmjs.org/methods/-/methods-0.0.1.tgz"
            },
            "cookiejar": {
              "version": "1.3.0",
              "from": "cookiejar@1.3.0",
              "resolved": "https://registry.npmjs.org/cookiejar/-/cookiejar-1.3.0.tgz"
            },
            "debug": {
              "version": "0.7.4",
              "from": "debug@~0.7.2",
              "resolved": "https://registry.npmjs.org/debug/-/debug-0.7.4.tgz"
            },
            "reduce-component": {
              "version": "1.0.1",
              "from": "reduce-component@1.0.1",
              "resolved": "https://registry.npmjs.org/reduce-component/-/reduce-component-1.0.1.tgz"
            }
          }
        },
        "q": {
          "version": "1.0.1",
          "from": "https://registry.npmjs.org/q/-/q-1.0.1.tgz",
          "resolved": "https://registry.npmjs.org/q/-/q-1.0.1.tgz"
        }
      }
    },
    "grunt-version": {
      "version": "0.2.2",
      "from": "grunt-version@0.2.2",
      "resolved": "https://registry.npmjs.org/grunt-version/-/grunt-version-0.2.2.tgz",
      "dependencies": {
        "semver": {
          "version": "1.1.4",
          "from": "semver@~1.1.3",
          "resolved": "https://registry.npmjs.org/semver/-/semver-1.1.4.tgz"
        }
      }
    },
    "qunit": {
      "version": "0.6.2",
      "from": "qunit@0.6.2",
      "resolved": "https://registry.npmjs.org/qunit/-/qunit-0.6.2.tgz",
      "dependencies": {
        "underscore": {
          "version": "1.6.0",
          "from": "underscore@^1.6.0",
          "resolved": "https://registry.npmjs.org/underscore/-/underscore-1.6.0.tgz"
        },
        "argsparser": {
          "version": "0.0.6",
          "from": "argsparser@^0.0.6",
          "resolved": "https://registry.npmjs.org/argsparser/-/argsparser-0.0.6.tgz"
        },
        "cli-table": {
          "version": "0.3.0",
          "from": "cli-table@^0.3.0",
          "resolved": "https://registry.npmjs.org/cli-table/-/cli-table-0.3.0.tgz",
          "dependencies": {
            "colors": {
              "version": "0.6.2",
              "from": "colors@0.6.2",
              "resolved": "https://registry.npmjs.org/colors/-/colors-0.6.2.tgz"
            }
          }
        },
        "tracejs": {
          "version": "0.1.8",
          "from": "tracejs@^0.1.8",
          "resolved": "https://registry.npmjs.org/tracejs/-/tracejs-0.1.8.tgz"
        },
        "istanbul": {
          "version": "0.2.8",
          "from": "istanbul@^0.2.4",
          "resolved": "https://registry.npmjs.org/istanbul/-/istanbul-0.2.8.tgz",
          "dependencies": {
            "esprima": {
              "version": "1.2.1",
              "from": "esprima@1.2.x",
              "resolved": "https://registry.npmjs.org/esprima/-/esprima-1.2.1.tgz"
            },
            "escodegen": {
              "version": "1.3.2",
              "from": "escodegen@1.3.x",
              "resolved": "https://registry.npmjs.org/escodegen/-/escodegen-1.3.2.tgz",
              "dependencies": {
                "esutils": {
                  "version": "1.0.0",
                  "from": "esutils@~1.0.0",
                  "resolved": "https://registry.npmjs.org/esutils/-/esutils-1.0.0.tgz"
                },
                "estraverse": {
                  "version": "1.5.0",
                  "from": "estraverse@~1.5.0",
                  "resolved": "https://registry.npmjs.org/estraverse/-/estraverse-1.5.0.tgz"
                },
                "esprima": {
                  "version": "1.1.1",
                  "from": "esprima@~1.1.1",
                  "resolved": "https://registry.npmjs.org/esprima/-/esprima-1.1.1.tgz"
                },
                "source-map": {
                  "version": "0.1.33",
                  "from": "source-map@~0.1.33",
                  "resolved": "https://registry.npmjs.org/source-map/-/source-map-0.1.33.tgz",
                  "dependencies": {
                    "amdefine": {
                      "version": "0.1.0",
                      "from": "amdefine@>=0.0.4",
                      "resolved": "https://registry.npmjs.org/amdefine/-/amdefine-0.1.0.tgz"
                    }
                  }
                }
              }
            },
            "handlebars": {
              "version": "1.3.0",
              "from": "handlebars@1.3.x",
              "resolved": "https://registry.npmjs.org/handlebars/-/handlebars-1.3.0.tgz",
              "dependencies": {
                "optimist": {
                  "version": "0.3.7",
                  "from": "optimist@~0.3",
                  "resolved": "https://registry.npmjs.org/optimist/-/optimist-0.3.7.tgz"
                },
                "uglify-js": {
                  "version": "2.3.6",
                  "from": "uglify-js@~2.3",
                  "resolved": "https://registry.npmjs.org/uglify-js/-/uglify-js-2.3.6.tgz",
                  "dependencies": {
                    "source-map": {
                      "version": "0.1.33",
                      "from": "source-map@~0.1.7",
                      "resolved": "https://registry.npmjs.org/source-map/-/source-map-0.1.33.tgz",
                      "dependencies": {
                        "amdefine": {
                          "version": "0.1.0",
                          "from": "amdefine@>=0.0.4",
                          "resolved": "https://registry.npmjs.org/amdefine/-/amdefine-0.1.0.tgz"
                        }
                      }
                    }
                  }
                }
              }
            },
            "mkdirp": {
              "version": "0.3.5",
              "from": "mkdirp@0.3.x",
              "resolved": "https://registry.npmjs.org/mkdirp/-/mkdirp-0.3.5.tgz"
            },
            "nopt": {
              "version": "2.2.1",
              "from": "nopt@2.2.x",
              "resolved": "https://registry.npmjs.org/nopt/-/nopt-2.2.1.tgz"
            },
            "fileset": {
              "version": "0.1.5",
              "from": "fileset@0.1.x",
              "resolved": "https://registry.npmjs.org/fileset/-/fileset-0.1.5.tgz",
              "dependencies": {
                "minimatch": {
                  "version": "0.2.14",
                  "from": "minimatch@0.x",
                  "resolved": "https://registry.npmjs.org/minimatch/-/minimatch-0.2.14.tgz",
                  "dependencies": {
                    "lru-cache": {
                      "version": "2.5.0",
                      "from": "lru-cache@2",
                      "resolved": "https://registry.npmjs.org/lru-cache/-/lru-cache-2.5.0.tgz"
                    },
                    "sigmund": {
                      "version": "1.0.0",
                      "from": "sigmund@~1.0.0",
                      "resolved": "https://registry.npmjs.org/sigmund/-/sigmund-1.0.0.tgz"
                    }
                  }
                },
                "glob": {
                  "version": "3.2.9",
                  "from": "glob@3.x",
                  "resolved": "https://registry.npmjs.org/glob/-/glob-3.2.9.tgz",
                  "dependencies": {
                    "inherits": {
                      "version": "2.0.1",
                      "from": "inherits@2",
                      "resolved": "https://registry.npmjs.org/inherits/-/inherits-2.0.1.tgz"
                    }
                  }
                }
              }
            },
            "which": {
              "version": "1.0.5",
              "from": "which@1.0.x",
              "resolved": "https://registry.npmjs.org/which/-/which-1.0.5.tgz"
            },
            "async": {
              "version": "0.2.10",
              "from": "async@0.2.x",
              "resolved": "https://registry.npmjs.org/async/-/async-0.2.10.tgz"
            },
            "abbrev": {
              "version": "1.0.5",
              "from": "abbrev@1.0.x",
              "resolved": "https://registry.npmjs.org/abbrev/-/abbrev-1.0.5.tgz"
            },
            "wordwrap": {
              "version": "0.0.2",
              "from": "wordwrap@0.0.x",
              "resolved": "https://registry.npmjs.org/wordwrap/-/wordwrap-0.0.2.tgz"
            },
            "resolve": {
              "version": "0.6.3",
              "from": "resolve@0.6.x",
              "resolved": "https://registry.npmjs.org/resolve/-/resolve-0.6.3.tgz"
            },
            "js-yaml": {
              "version": "3.0.2",
              "from": "js-yaml@3.x",
              "resolved": "https://registry.npmjs.org/js-yaml/-/js-yaml-3.0.2.tgz",
              "dependencies": {
                "argparse": {
                  "version": "0.1.15",
                  "from": "argparse@~ 0.1.11",
                  "resolved": "https://registry.npmjs.org/argparse/-/argparse-0.1.15.tgz",
                  "dependencies": {
                    "underscore": {
                      "version": "1.4.4",
                      "from": "underscore@~1.4.3",
                      "resolved": "https://registry.npmjs.org/underscore/-/underscore-1.4.4.tgz"
                    },
                    "underscore.string": {
                      "version": "2.3.3",
                      "from": "underscore.string@~2.3.1",
                      "resolved": "https://registry.npmjs.org/underscore.string/-/underscore.string-2.3.3.tgz"
                    }
                  }
                },
                "esprima": {
                  "version": "1.0.4",
                  "from": "esprima@~ 1.0.2",
                  "resolved": "https://registry.npmjs.org/esprima/-/esprima-1.0.4.tgz"
                }
              }
            }
          }
        }
      }
    }
  }
}
